
Microsoft Visual Studio Solution File, Format Version 12.00
# Visual Studio Version 17
VisualStudioVersion = 17.4.33205.214
MinimumVisualStudioVersion = 10.0.40219.1
Project("{FAE04EC0-301F-11D3-BF4B-00C04F79EFBC}") = "pdf", "pdf\pdf.csproj", "{B38F93FE-BFD1-4522-BC3C-67168220CC4C}"
EndProject
Global
	GlobalSection(SolutionConfigurationPlatforms) = preSolution
		Debug|Any CPU = Debug|Any CPU
		Release|Any CPU = Release|Any CPU
	EndGlobalSection
	GlobalSection(ProjectConfigurationPlatforms) = postSolution
		{B38F93FE-BFD1-4522-BC3C-67168220CC4C}.Debug|Any CPU.ActiveCfg = Debug|Any CPU
		{B38F93FE-BFD1-4522-BC3C-67168220CC4C}.Debug|Any CPU.Build.0 = Debug|Any CPU
		{B38F93FE-BFD1-4522-BC3C-67168220CC4C}.Release|Any CPU.ActiveCfg = Release|Any CPU
		{B38F93FE-BFD1-4522-BC3C-67168220CC4C}.Release|Any CPU.Build.0 = Release|Any CPU
	EndGlobalSection
	GlobalSection(SolutionProperties) = preSolution
		HideSolutionNode = FALSE
	EndGlobalSection
	GlobalSection(ExtensibilityGlobals) = postSolution
		SolutionGuid = {7B0211B9-CC18-490C-9C4A-21F67164AF4F}
	EndGlobalSection
EndGlobal
